
Microsoft Visual Studio Solution File, Format Version 12.00
# Visual Studio Version 17
VisualStudioVersion = 17.0.32126.317
MinimumVisualStudioVersion = 10.0.40219.1
Project("{9A19103F-16F7-4668-BE54-9A1E7A4F7556}") = "BTK1-YapiciBloklar", "BTK1\BTK1-YapiciBloklar.csproj", "{7E57EFE9-5512-4001-8E93-D067D7879B2E}"
EndProject
Project("{9A19103F-16F7-4668-BE54-9A1E7A4F7556}") = "BTK2-Collections", "Collections\BTK2-Collections.csproj", "{F6F00FA0-57BA-4779-894B-E51693AFBCA6}"
EndProject
Project("{FAE04EC0-301F-11D3-BF4B-00C04F79EFBC}") = "BTK3-Generic Metods", "BTK3-Generic Metods\BTK3-Generic Metods.csproj", "{10588727-848B-4140-81CC-2D432CC2DCDA}"
EndProject
Project("{FAE04EC0-301F-11D3-BF4B-00C04F79EFBC}") = "BTK4-AttributeKullanımı", "BTK4-AttributeKullanımı\BTK4-AttributeKullanımı.csproj", "{53D64F51-E573-4513-92CA-BF20E9C7C850}"
EndProject
Project("{FAE04EC0-301F-11D3-BF4B-00C04F79EFBC}") = "BTK5-Reflections", "BTK5-Reflections\BTK5-Reflections.csproj", "{3B5986BE-6B5B-40F9-A7E1-05140B38A6E5}"
EndProject
Project("{FAE04EC0-301F-11D3-BF4B-00C04F79EFBC}") = "AdoNetDemo", "AdoNetDemo\AdoNetDemo.csproj", "{84F6167D-C162-419C-AB79-B6E66E0F43FE}"
EndProject
Global
	GlobalSection(SolutionConfigurationPlatforms) = preSolution
		Debug|Any CPU = Debug|Any CPU
		Release|Any CPU = Release|Any CPU
	EndGlobalSection
	GlobalSection(ProjectConfigurationPlatforms) = postSolution
		{7E57EFE9-5512-4001-8E93-D067D7879B2E}.Debug|Any CPU.ActiveCfg = Debug|Any CPU
		{7E57EFE9-5512-4001-8E93-D067D7879B2E}.Debug|Any CPU.Build.0 = Debug|Any CPU
		{7E57EFE9-5512-4001-8E93-D067D7879B2E}.Release|Any CPU.ActiveCfg = Release|Any CPU
		{7E57EFE9-5512-4001-8E93-D067D7879B2E}.Release|Any CPU.Build.0 = Release|Any CPU
		{F6F00FA0-57BA-4779-894B-E51693AFBCA6}.Debug|Any CPU.ActiveCfg = Debug|Any CPU
		{F6F00FA0-57BA-4779-894B-E51693AFBCA6}.Debug|Any CPU.Build.0 = Debug|Any CPU
		{F6F00FA0-57BA-4779-894B-E51693AFBCA6}.Release|Any CPU.ActiveCfg = Release|Any CPU
		{F6F00FA0-57BA-4779-894B-E51693AFBCA6}.Release|Any CPU.Build.0 = Release|Any CPU
		{10588727-848B-4140-81CC-2D432CC2DCDA}.Debug|Any CPU.ActiveCfg = Debug|Any CPU
		{10588727-848B-4140-81CC-2D432CC2DCDA}.Debug|Any CPU.Build.0 = Debug|Any CPU
		{10588727-848B-4140-81CC-2D432CC2DCDA}.Release|Any CPU.ActiveCfg = Release|Any CPU
		{10588727-848B-4140-81CC-2D432CC2DCDA}.Release|Any CPU.Build.0 = Release|Any CPU
		{53D64F51-E573-4513-92CA-BF20E9C7C850}.Debug|Any CPU.ActiveCfg = Debug|Any CPU
		{53D64F51-E573-4513-92CA-BF20E9C7C850}.Debug|Any CPU.Build.0 = Debug|Any CPU
		{53D64F51-E573-4513-92CA-BF20E9C7C850}.Release|Any CPU.ActiveCfg = Release|Any CPU
		{53D64F51-E573-4513-92CA-BF20E9C7C850}.Release|Any CPU.Build.0 = Release|Any CPU
		{3B5986BE-6B5B-40F9-A7E1-05140B38A6E5}.Debug|Any CPU.ActiveCfg = Debug|Any CPU
		{3B5986BE-6B5B-40F9-A7E1-05140B38A6E5}.Debug|Any CPU.Build.0 = Debug|Any CPU
		{3B5986BE-6B5B-40F9-A7E1-05140B38A6E5}.Release|Any CPU.ActiveCfg = Release|Any CPU
		{3B5986BE-6B5B-40F9-A7E1-05140B38A6E5}.Release|Any CPU.Build.0 = Release|Any CPU
		{84F6167D-C162-419C-AB79-B6E66E0F43FE}.Debug|Any CPU.ActiveCfg = Debug|Any CPU
		{84F6167D-C162-419C-AB79-B6E66E0F43FE}.Debug|Any CPU.Build.0 = Debug|Any CPU
		{84F6167D-C162-419C-AB79-B6E66E0F43FE}.Release|Any CPU.ActiveCfg = Release|Any CPU
		{84F6167D-C162-419C-AB79-B6E66E0F43FE}.Release|Any CPU.Build.0 = Release|Any CPU
	EndGlobalSection
	GlobalSection(SolutionProperties) = preSolution
		HideSolutionNode = FALSE
	EndGlobalSection
	GlobalSection(ExtensibilityGlobals) = postSolution
		SolutionGuid = {27596C6E-64AD-4E7F-8273-E0224584FBF2}
	EndGlobalSection
EndGlobal
